{
  "version": "4",
  "remote": {
    "https://deno.land/std@0.132.0/_deno_unstable.ts": "23a1a36928f1b6d3b0170aaa67de09af12aa998525f608ff7331b9fb364cbde6",
    "https://deno.land/std@0.132.0/_util/assert.ts": "e94f2eb37cebd7f199952e242c77654e43333c1ac4c5c700e929ea3aa5489f74",
    "https://deno.land/std@0.132.0/_util/os.ts": "49b92edea1e82ba295ec946de8ffd956ed123e2948d9bd1d3e901b04e4307617",
    "https://deno.land/std@0.132.0/async/abortable.ts": "87aa7230be8360c24ad437212311c9e8d4328854baec27b4c7abb26e85515c06",
    "https://deno.land/std@0.132.0/async/deadline.ts": "48ac998d7564969f3e6ec6b6f9bf0217ebd00239b1b2292feba61272d5dd58d0",
    "https://deno.land/std@0.132.0/async/debounce.ts": "564273ef242bcfcda19a439132f940db8694173abffc159ea34f07d18fc42620",
    "https://deno.land/std@0.132.0/async/deferred.ts": "bc18e28108252c9f67dfca2bbc4587c3cbf3aeb6e155f8c864ca8ecff992b98a",
    "https://deno.land/std@0.132.0/async/delay.ts": "cbbdf1c87d1aed8edc7bae13592fb3e27e3106e0748f089c263390d4f49e5f6c",
    "https://deno.land/std@0.132.0/async/mod.ts": "2240c6841157738414331f47dee09bb8c0482c5b1980b6e3234dd03515c8132f",
    "https://deno.land/std@0.132.0/async/mux_async_iterator.ts": "f4d1d259b0c694d381770ddaaa4b799a94843eba80c17f4a2ec2949168e52d1e",
    "https://deno.land/std@0.132.0/async/pool.ts": "97b0dd27c69544e374df857a40902e74e39532f226005543eabacb551e277082",
    "https://deno.land/std@0.132.0/async/tee.ts": "1341feb1f5b1a96f8628d0f8fc07d8c43d3813423f18a63bf1b4785568d21b1f",
    "https://deno.land/std@0.132.0/bytes/bytes_list.ts": "67eb118e0b7891d2f389dad4add35856f4ad5faab46318ff99653456c23b025d",
    "https://deno.land/std@0.132.0/bytes/equals.ts": "fc16dff2090cced02497f16483de123dfa91e591029f985029193dfaa9d894c9",
    "https://deno.land/std@0.132.0/bytes/mod.ts": "d3b455c0dbd4804644159d1e25946ade5ee385d2359894de49e2c6101b18b7a9",
    "https://deno.land/std@0.132.0/encoding/base64.ts": "c8c16b4adaa60d7a8eee047c73ece26844435e8f7f1328d74593dbb2dd58ea4f",
    "https://deno.land/std@0.132.0/encoding/base64url.ts": "55f9d13df02efac10c6f96169daa3e702606a64e8aa27c0295f645f198c27130",
    "https://deno.land/std@0.132.0/flags/mod.ts": "430cf2d1c26e00286373b2647ebdca637f7558505e88e9c108a4742cd184c916",
    "https://deno.land/std@0.132.0/fmt/colors.ts": "30455035d6d728394781c10755351742dd731e3db6771b1843f9b9e490104d37",
    "https://deno.land/std@0.132.0/fmt/printf.ts": "e2c0f72146aed1efecf0c39ab928b26ae493a2278f670a871a0fbdcf36ff3379",
    "https://deno.land/std@0.132.0/io/buffer.ts": "bd0c4bf53db4b4be916ca5963e454bddfd3fcd45039041ea161dbf826817822b",
    "https://deno.land/std@0.132.0/node/_buffer.mjs": "f4a7df481d4eed06dc0151b833177d8ef74fc3a96dd4d2b073e690b6ced9474d",
    "https://deno.land/std@0.132.0/node/_core.ts": "568d277be2e086af996cbdd599fec569f5280e9a494335ca23ad392b130d7bb9",
    "https://deno.land/std@0.132.0/node/_events.mjs": "d7d56df4b9f69e445064bad5e5558978fb18c18c439bbb62fa13149b40d7fb99",
    "https://deno.land/std@0.132.0/node/_fixed_queue.ts": "455b3c484de48e810b13bdf95cd1658ecb1ba6bcb8b9315ffe994efcde3ba5f5",
    "https://deno.land/std@0.132.0/node/_next_tick.ts": "64c361f6bca21df2a72dd77b84bd49d80d97a694dd3080703bc78f52146351d1",
    "https://deno.land/std@0.132.0/node/_options.ts": "27f3c1269a700d330cc046cf748aa9178b8fc39d1473de625688e07cb0eb9d28",
    "https://deno.land/std@0.132.0/node/_process/exiting.ts": "bc9694769139ffc596f962087155a8bfef10101d03423b9dcbc51ce6e1f88fce",
    "https://deno.land/std@0.132.0/node/_process/process.ts": "84644b184053835670f79652d1ce3312c9ad079c211e6207ebefeedf159352a3",
    "https://deno.land/std@0.132.0/node/_process/stdio.mjs": "971c3b086040d8521562155db13f22f9971d5c42c852b2081d4d2f0d8b6ab6bd",
    "https://deno.land/std@0.132.0/node/_process/streams.mjs": "555062e177ad05f887147651fdda25fa55098475fcf142c8d162b8fe14097bbb",
    "https://deno.land/std@0.132.0/node/_stream.mjs": "07f6cbabaad0382fb4b9a25e70ac3093a44022b859247f64726746e6373f1c91",
    "https://deno.land/std@0.132.0/node/_util/_util_callbackify.ts": "79928ad80df3e469f7dcdb198118a7436d18a9f6c08bd7a4382332ad25a718cf",
    "https://deno.land/std@0.132.0/node/_utils.ts": "c2c352e83c4c96f5ff994b1c8246bff2abcb21bfc3f1c06162cb3af1d201e615",
    "https://deno.land/std@0.132.0/node/buffer.ts": "fbecbf3f237fa49bec96e97ecf56a7b92d48037b3d11219288e68943cc921600",
    "https://deno.land/std@0.132.0/node/events.ts": "a1d40fc0dbccc944379ef968b80ea08f9fce579e88b5057fdb64e4f0812476dd",
    "https://deno.land/std@0.132.0/node/internal/blob.mjs": "52080b2f40b114203df67f8a6650f9fe3c653912b8b3ef2f31f029853df4db53",
    "https://deno.land/std@0.132.0/node/internal/buffer.mjs": "6662fe7fe517329453545be34cea27a24f8ccd6d09afd4f609f11ade2b6dfca7",
    "https://deno.land/std@0.132.0/node/internal/crypto/keys.ts": "16ce7b15a9fc5e4e3dee8fde75dae12f3d722558d5a1a6e65a9b4f86d64a21e9",
    "https://deno.land/std@0.132.0/node/internal/crypto/util.mjs": "1de55a47fdbed6721b467a77ba48fdd1550c10b5eee77bbdb602eaffee365a5e",
    "https://deno.land/std@0.132.0/node/internal/error_codes.ts": "ac03c4eae33de3a69d6c98e8678003207eecf75a6900eb847e3fea3c8c9e6d8f",
    "https://deno.land/std@0.132.0/node/internal/errors.ts": "25f91691225b001660e6e64745ecd336fbf562cf0185e8896ff013c2d0226794",
    "https://deno.land/std@0.132.0/node/internal/hide_stack_frames.ts": "a91962ec84610bc7ec86022c4593cdf688156a5910c07b5bcd71994225c13a03",
    "https://deno.land/std@0.132.0/node/internal/net.ts": "1239886cd2508a68624c2dae8abf895e8aa3bb15a748955349f9ac5539032238",
    "https://deno.land/std@0.132.0/node/internal/normalize_encoding.mjs": "3779ec8a7adf5d963b0224f9b85d1bc974a2ec2db0e858396b5d3c2c92138a0a",
    "https://deno.land/std@0.132.0/node/internal/process/per_thread.mjs": "a42b1dcfb009ad5039144a999a35a429e76112f9322febbe353eda9d1879d936",
    "https://deno.land/std@0.132.0/node/internal/streams/_utils.ts": "77fceaa766679847e4d4c3c96b2573c00a790298d90551e8e4df1d5e0fdaad3b",
    "https://deno.land/std@0.132.0/node/internal/streams/add-abort-signal.mjs": "5623b83fa64d439cc4a1f09ae47ec1db29512cc03479389614d8f62a37902f5e",
    "https://deno.land/std@0.132.0/node/internal/streams/buffer_list.mjs": "c6a7b29204fae025ff5e9383332acaea5d44bc7c522a407a79b8f7a6bc6c312d",
    "https://deno.land/std@0.132.0/node/internal/streams/compose.mjs": "b522daab35a80ae62296012a4254fd7edfc0366080ffe63ddda4e38fe6b6803e",
    "https://deno.land/std@0.132.0/node/internal/streams/destroy.mjs": "9c9bbeb172a437041d529829f433df72cf0b63ae49f3ee6080a55ffbef7572ad",
    "https://deno.land/std@0.132.0/node/internal/streams/duplex.mjs": "b014087cd04f79b8a4028d8b9423b987e07bbfacf3b5df518cb752ac3657580f",
    "https://deno.land/std@0.132.0/node/internal/streams/end-of-stream.mjs": "38be76eaceac231dfde643e72bc0940625446bf6d1dbd995c91c5ba9fd59b338",
    "https://deno.land/std@0.132.0/node/internal/streams/from.mjs": "134255c698ed63b33199911eb8e042f8f67e9682409bb11552e6120041ed1872",
    "https://deno.land/std@0.132.0/node/internal/streams/legacy.mjs": "6ea28db95d4503447473e62f0b23ff473bfe1751223c33a3c5816652e93b257a",
    "https://deno.land/std@0.132.0/node/internal/streams/passthrough.mjs": "a51074193b959f3103d94de41e23a78dfcff532bdba53af9146b86340d85eded",
    "https://deno.land/std@0.132.0/node/internal/streams/pipeline.mjs": "9890b121759ede869174ef70c011fde964ca94d81f2ed97b8622d7cb17b49285",
    "https://deno.land/std@0.132.0/node/internal/streams/readable.mjs": "a70c41171ae25c556b52785b0c178328014bd33d8c0e4d229d4adaac7414b6ca",
    "https://deno.land/std@0.132.0/node/internal/streams/state.mjs": "9ef917392a9d8005a6e038260c5fd31518d2753aea0bc9e39824c199310434cb",
    "https://deno.land/std@0.132.0/node/internal/streams/transform.mjs": "3b361abad2ac78f7ccb6f305012bafdc0e983dfa4bb6ecddb4626e34a781a5f5",
    "https://deno.land/std@0.132.0/node/internal/streams/utils.mjs": "06c21d0db0d51f1bf1e3225a661c3c29909be80355d268e64ee5922fc5eb6c5e",
    "https://deno.land/std@0.132.0/node/internal/streams/writable.mjs": "ad4e2b176ffdf752c8e678ead3a514679a5a8d652f4acf797115dceb798744d5",
    "https://deno.land/std@0.132.0/node/internal/util.mjs": "2f0c8ff553c175ea6e4ed13d7cd7cd6b86dc093dc2f783c6c3dfc63f60a0943e",
    "https://deno.land/std@0.132.0/node/internal/util/comparisons.ts": "680b55fe8bdf1613633bc469fa0440f43162c76dbe36af9aa2966310e1bb9f6e",
    "https://deno.land/std@0.132.0/node/internal/util/debuglog.ts": "99e91bdf26f6c67861031f684817e1705a5bc300e81346585b396f413387edfb",
    "https://deno.land/std@0.132.0/node/internal/util/inspect.mjs": "d1c2569c66a3dab45eec03208f22ad4351482527859c0011a28a6c797288a0aa",
    "https://deno.land/std@0.132.0/node/internal/util/types.ts": "b2dacb8f1f5d28a51c4da5c5b75172b7fcf694073ce95ca141323657e18b0c60",
    "https://deno.land/std@0.132.0/node/internal/validators.mjs": "a7e82eafb7deb85c332d5f8d9ffef052f46a42d4a121eada4a54232451acc49a",
    "https://deno.land/std@0.132.0/node/internal_binding/_libuv_winerror.ts": "801e05c2742ae6cd42a5f0fd555a255a7308a65732551e962e5345f55eedc519",
    "https://deno.land/std@0.132.0/node/internal_binding/_node.ts": "e4075ba8a37aef4eb5b592c8e3807c39cb49ca8653faf8e01a43421938076c1b",
    "https://deno.land/std@0.132.0/node/internal_binding/_utils.ts": "1c50883b5751a9ea1b38951e62ed63bacfdc9d69ea665292edfa28e1b1c5bd94",
    "https://deno.land/std@0.132.0/node/internal_binding/_winerror.ts": "8811d4be66f918c165370b619259c1f35e8c3e458b8539db64c704fbde0a7cd2",
    "https://deno.land/std@0.132.0/node/internal_binding/async_wrap.ts": "f06b8a403ad871248eb064190d27bf6fefdbe948991e71a18d7077390d5773f9",
    "https://deno.land/std@0.132.0/node/internal_binding/buffer.ts": "722c62b85f966e0777b2d98c021b60e75d7f2c2dabc43413ef37d60dbd13a5d9",
    "https://deno.land/std@0.132.0/node/internal_binding/cares_wrap.ts": "25b7b5d56612b2985260b673021828d6511a1c83b4c1927f5732cad2f2a718af",
    "https://deno.land/std@0.132.0/node/internal_binding/config.ts": "e292217d048a33573966b7d25352828d3282921fbcadce8735a20fb3da370cc4",
    "https://deno.land/std@0.132.0/node/internal_binding/connection_wrap.ts": "0380444ee94d5bd7b0b09921223d16729c9762a94e80b7f51eda49c7f42e6d0a",
    "https://deno.land/std@0.132.0/node/internal_binding/constants.ts": "aff06aac49eda4234bd3a2b0b8e1fbfc67824e281c532ff9960831ab503014cc",
    "https://deno.land/std@0.132.0/node/internal_binding/contextify.ts": "e292217d048a33573966b7d25352828d3282921fbcadce8735a20fb3da370cc4",
    "https://deno.land/std@0.132.0/node/internal_binding/credentials.ts": "e292217d048a33573966b7d25352828d3282921fbcadce8735a20fb3da370cc4",
    "https://deno.land/std@0.132.0/node/internal_binding/crypto.ts": "e292217d048a33573966b7d25352828d3282921fbcadce8735a20fb3da370cc4",
    "https://deno.land/std@0.132.0/node/internal_binding/errors.ts": "e292217d048a33573966b7d25352828d3282921fbcadce8735a20fb3da370cc4",
    "https://deno.land/std@0.132.0/node/internal_binding/fs.ts": "e292217d048a33573966b7d25352828d3282921fbcadce8735a20fb3da370cc4",
    "https://deno.land/std@0.132.0/node/internal_binding/fs_dir.ts": "e292217d048a33573966b7d25352828d3282921fbcadce8735a20fb3da370cc4",
    "https://deno.land/std@0.132.0/node/internal_binding/fs_event_wrap.ts": "e292217d048a33573966b7d25352828d3282921fbcadce8735a20fb3da370cc4",
    "https://deno.land/std@0.132.0/node/internal_binding/handle_wrap.ts": "e59df84b1fb1b9823b09774b3e512d9c0029b4557400d09dd02cd7661c2c4830",
    "https://deno.land/std@0.132.0/node/internal_binding/heap_utils.ts": "e292217d048a33573966b7d25352828d3282921fbcadce8735a20fb3da370cc4",
    "https://deno.land/std@0.132.0/node/internal_binding/http_parser.ts": "e292217d048a33573966b7d25352828d3282921fbcadce8735a20fb3da370cc4",
    "https://deno.land/std@0.132.0/node/internal_binding/icu.ts": "e292217d048a33573966b7d25352828d3282921fbcadce8735a20fb3da370cc4",
    "https://deno.land/std@0.132.0/node/internal_binding/inspector.ts": "e292217d048a33573966b7d25352828d3282921fbcadce8735a20fb3da370cc4",
    "https://deno.land/std@0.132.0/node/internal_binding/js_stream.ts": "e292217d048a33573966b7d25352828d3282921fbcadce8735a20fb3da370cc4",
    "https://deno.land/std@0.132.0/node/internal_binding/messaging.ts": "e292217d048a33573966b7d25352828d3282921fbcadce8735a20fb3da370cc4",
    "https://deno.land/std@0.132.0/node/internal_binding/mod.ts": "f68e74e8eed84eaa6b0de24f0f4c47735ed46866d7ee1c5a5e7c0667b4f0540f",
    "https://deno.land/std@0.132.0/node/internal_binding/module_wrap.ts": "e292217d048a33573966b7d25352828d3282921fbcadce8735a20fb3da370cc4",
    "https://deno.land/std@0.132.0/node/internal_binding/native_module.ts": "e292217d048a33573966b7d25352828d3282921fbcadce8735a20fb3da370cc4",
    "https://deno.land/std@0.132.0/node/internal_binding/natives.ts": "e292217d048a33573966b7d25352828d3282921fbcadce8735a20fb3da370cc4",
    "https://deno.land/std@0.132.0/node/internal_binding/node_file.ts": "c96ee0b2af319a3916de950a6c4b0d5fb00d09395c51cd239c54d95d62567aaf",
    "https://deno.land/std@0.132.0/node/internal_binding/node_options.ts": "3cd5706153d28a4f5944b8b162c1c61b7b8e368a448fb1a2cff9f7957d3db360",
    "https://deno.land/std@0.132.0/node/internal_binding/options.ts": "e292217d048a33573966b7d25352828d3282921fbcadce8735a20fb3da370cc4",
    "https://deno.land/std@0.132.0/node/internal_binding/os.ts": "e292217d048a33573966b7d25352828d3282921fbcadce8735a20fb3da370cc4",
    "https://deno.land/std@0.132.0/node/internal_binding/performance.ts": "e292217d048a33573966b7d25352828d3282921fbcadce8735a20fb3da370cc4",
    "https://deno.land/std@0.132.0/node/internal_binding/pipe_wrap.ts": "00e942327f8e1c4b74a5888a82f0e16ba775cd09af804f96b6f6849b7eab1719",
    "https://deno.land/std@0.132.0/node/internal_binding/process_methods.ts": "e292217d048a33573966b7d25352828d3282921fbcadce8735a20fb3da370cc4",
    "https://deno.land/std@0.132.0/node/internal_binding/report.ts": "e292217d048a33573966b7d25352828d3282921fbcadce8735a20fb3da370cc4",
    "https://deno.land/std@0.132.0/node/internal_binding/serdes.ts": "e292217d048a33573966b7d25352828d3282921fbcadce8735a20fb3da370cc4",
    "https://deno.land/std@0.132.0/node/internal_binding/signal_wrap.ts": "e292217d048a33573966b7d25352828d3282921fbcadce8735a20fb3da370cc4",
    "https://deno.land/std@0.132.0/node/internal_binding/spawn_sync.ts": "e292217d048a33573966b7d25352828d3282921fbcadce8735a20fb3da370cc4",
    "https://deno.land/std@0.132.0/node/internal_binding/stream_wrap.ts": "d6e96f4b89d82ad5cc9b243c3d3880c9d85086165da54a7d85821a63491e5abf",
    "https://deno.land/std@0.132.0/node/internal_binding/string_decoder.ts": "5cb1863763d1e9b458bc21d6f976f16d9c18b3b3f57eaf0ade120aee38fba227",
    "https://deno.land/std@0.132.0/node/internal_binding/symbols.ts": "51cfca9bb6132d42071d4e9e6b68a340a7f274041cfcba3ad02900886e972a6c",
    "https://deno.land/std@0.132.0/node/internal_binding/task_queue.ts": "e292217d048a33573966b7d25352828d3282921fbcadce8735a20fb3da370cc4",
    "https://deno.land/std@0.132.0/node/internal_binding/tcp_wrap.ts": "10c64d5e092a8bff99cfe05adea716e4e52f4158662a5821790953e47e2cc21c",
    "https://deno.land/std@0.132.0/node/internal_binding/timers.ts": "e292217d048a33573966b7d25352828d3282921fbcadce8735a20fb3da370cc4",
    "https://deno.land/std@0.132.0/node/internal_binding/tls_wrap.ts": "e292217d048a33573966b7d25352828d3282921fbcadce8735a20fb3da370cc4",
    "https://deno.land/std@0.132.0/node/internal_binding/trace_events.ts": "e292217d048a33573966b7d25352828d3282921fbcadce8735a20fb3da370cc4",
    "https://deno.land/std@0.132.0/node/internal_binding/tty_wrap.ts": "e292217d048a33573966b7d25352828d3282921fbcadce8735a20fb3da370cc4",
    "https://deno.land/std@0.132.0/node/internal_binding/types.ts": "4c26fb74ba2e45de553c15014c916df6789529a93171e450d5afb016b4c765e7",
    "https://deno.land/std@0.132.0/node/internal_binding/udp_wrap.ts": "e292217d048a33573966b7d25352828d3282921fbcadce8735a20fb3da370cc4",
    "https://deno.land/std@0.132.0/node/internal_binding/url.ts": "e292217d048a33573966b7d25352828d3282921fbcadce8735a20fb3da370cc4",
    "https://deno.land/std@0.132.0/node/internal_binding/util.ts": "90364292e2bd598ab5d105b48ca49817b6708f2d1d9cbaf08b2b3ab5ca4c90a7",
    "https://deno.land/std@0.132.0/node/internal_binding/uv.ts": "3821bc5e676d6955d68f581988c961d77dd28190aba5a9c59f16001a4deb34ba",
    "https://deno.land/std@0.132.0/node/internal_binding/v8.ts": "e292217d048a33573966b7d25352828d3282921fbcadce8735a20fb3da370cc4",
    "https://deno.land/std@0.132.0/node/internal_binding/worker.ts": "e292217d048a33573966b7d25352828d3282921fbcadce8735a20fb3da370cc4",
    "https://deno.land/std@0.132.0/node/internal_binding/zlib.ts": "e292217d048a33573966b7d25352828d3282921fbcadce8735a20fb3da370cc4",
    "https://deno.land/std@0.132.0/node/process.ts": "699f47f2f177556e17e2f7d0dcd3705ff5065cbdf72029e534c1540404d6f501",
    "https://deno.land/std@0.132.0/node/stream.ts": "d127faa074a9e3886e4a01dcfe9f9a6a4b5641f76f6acc356e8ded7da5dc2c81",
    "https://deno.land/std@0.132.0/node/stream/promises.mjs": "b263c09f2d6bd715dc514fab3f99cca84f442e2d23e87adbe76e32ea46fc87e6",
    "https://deno.land/std@0.132.0/node/string_decoder.ts": "51ce85a173d2e36ac580d418bb48b804adb41732fc8bd85f7d5d27b7accbc61f",
    "https://deno.land/std@0.132.0/node/util.ts": "7fd6933b37af89a8e64d73dc6ee1732455a59e7e6d0965311fbd73cd634ea630",
    "https://deno.land/std@0.132.0/node/util/types.mjs": "f9288198cacd374b41bae7e92a23179d3160f4c0eaf14e19be3a4e7057219a60",
    "https://deno.land/std@0.132.0/path/_constants.ts": "df1db3ffa6dd6d1252cc9617e5d72165cd2483df90e93833e13580687b6083c3",
    "https://deno.land/std@0.132.0/path/_interface.ts": "ee3b431a336b80cf445441109d089b70d87d5e248f4f90ff906820889ecf8d09",
    "https://deno.land/std@0.132.0/path/_util.ts": "c1e9686d0164e29f7d880b2158971d805b6e0efc3110d0b3e24e4b8af2190d2b",
    "https://deno.land/std@0.132.0/path/common.ts": "bee563630abd2d97f99d83c96c2fa0cca7cee103e8cb4e7699ec4d5db7bd2633",
    "https://deno.land/std@0.132.0/path/glob.ts": "cb5255638de1048973c3e69e420c77dc04f75755524cb3b2e160fe9277d939ee",
    "https://deno.land/std@0.132.0/path/mod.ts": "4275129bb766f0e475ecc5246aa35689eeade419d72a48355203f31802640be7",
    "https://deno.land/std@0.132.0/path/posix.ts": "663e4a6fe30a145f56aa41a22d95114c4c5582d8b57d2d7c9ed27ad2c47636bb",
    "https://deno.land/std@0.132.0/path/separator.ts": "fe1816cb765a8068afb3e8f13ad272351c85cbc739af56dacfc7d93d710fe0f9",
    "https://deno.land/std@0.132.0/path/win32.ts": "e7bdf63e8d9982b4d8a01ef5689425c93310ece950e517476e22af10f41a136e",
    "https://deno.land/std@0.132.0/streams/conversion.ts": "712585bfa0172a97fb68dd46e784ae8ad59d11b88079d6a4ab098ff42e697d21",
    "https://deno.land/std@0.132.0/testing/_diff.ts": "9d849cd6877694152e01775b2d93f9d6b7aef7e24bfe3bfafc4d7a1ac8e9f392",
    "https://deno.land/std@0.132.0/testing/asserts.ts": "b0ef969032882b1f7eb1c7571e313214baa1485f7b61cf35807b2434e254365c",
    "https://esm.sh/stripe@17.2.0?target=deno&deno-std=0.132.0&no-check": "09d571de341875ff6a63a0a7be269f2dee9ec2f8cbb32c7eacf8e4d6abd255f6",
    "https://esm.sh/v135/call-bind@1.0.7/deno/callBound.js": "2dbb8c2563fa744d767648811f3f355fc1fddf1e9e0126243d2b98db0b6932c9",
    "https://esm.sh/v135/define-data-property@1.1.4/deno/define-data-property.mjs": "f91322ad18ff12e8a2a86393d2b790d4fd0bc32b359d5253cfb9127cb95f7eec",
    "https://esm.sh/v135/es-define-property@1.0.0/deno/es-define-property.mjs": "5806a7114f3cba6ddaa2366d5fb04f26f152651ae10ba4bdb459f84e8ab95377",
    "https://esm.sh/v135/es-errors@1.3.0/deno/es-errors.mjs": "50f74e9daf25615214ef9f3e0105daa2fe1dddbf1e8a404f4ae643bb61cd6553",
    "https://esm.sh/v135/es-errors@1.3.0/deno/eval.js": "475476913529e6c1488f277d4f711faf81b6d228c7ec89ffa32e63a1abeca652",
    "https://esm.sh/v135/es-errors@1.3.0/deno/range.js": "5a0ecb96022ab0af01349b365a8c21318b561be6a45480321685b3da960efef2",
    "https://esm.sh/v135/es-errors@1.3.0/deno/ref.js": "b58b680ba267a275fa296e94fd5ab81be2d65ca454aa9d3e0286b057e79ea302",
    "https://esm.sh/v135/es-errors@1.3.0/deno/syntax.js": "24676d9f770b38f17c9597171696d5da9b80547014ef0f9c0f4848b8e825e325",
    "https://esm.sh/v135/es-errors@1.3.0/deno/type.js": "d295c1c627d5ca6f36d66d38198b62a82f721ab25037e7b48703b6a15ef83191",
    "https://esm.sh/v135/es-errors@1.3.0/deno/uri.js": "06282291bf3411c7b52f8ac6ef27850c26ce6541b12e42fdd504c83035c70263",
    "https://esm.sh/v135/function-bind@1.1.2/deno/function-bind.mjs": "de1d5f13e68841ee057c872941391a14bdced91579f4da4ea2f8f9ccce617bc3",
    "https://esm.sh/v135/get-intrinsic@1.2.2/deno/get-intrinsic.mjs": "e7d41adf72d22f24995fd7c0585a2276b2e03ceba6357927107f663a96a9009a",
    "https://esm.sh/v135/get-intrinsic@1.2.4/deno/get-intrinsic.mjs": "e5dfec78243ac00412dc7ac17c06a6102c6c616911e5bfb34e0facf122cc09ed",
    "https://esm.sh/v135/gopd@1.0.1/deno/gopd.mjs": "5438fbbfae584b32cd00618fd40cc7879ea782569544fdfab0e91438e4139dc7",
    "https://esm.sh/v135/has-property-descriptors@1.0.2/deno/has-property-descriptors.mjs": "924ed810a21eb48b529e99b5dff58668c624fe2326a4fa7a5abe8c19bb0636d1",
    "https://esm.sh/v135/has-proto@1.0.1/deno/has-proto.mjs": "1f7413341b9935520f658d9fb241eb671a13ed73378863ee118eb52c74867eed",
    "https://esm.sh/v135/has-symbols@1.0.3/deno/has-symbols.mjs": "99c4f81d6d8d8897df5a5fd4291e01c10de00831c292ab5d96cdf0af63d3fbf2",
    "https://esm.sh/v135/hasown@2.0.0/deno/hasown.mjs": "4256b8bb56ec2c82a6b9b8d5fda31d78ebd11c42b8f88251343b4c2b039918ef",
    "https://esm.sh/v135/hasown@2.0.1/deno/hasown.mjs": "eb0c1f08f2d411b56b911f66e2ec10ae267b7977e3a55b643c0fddabba5e1714",
    "https://esm.sh/v135/object-inspect@1.13.1/deno/object-inspect.mjs": "85b5f7e23306ed450ff4fce601ea097793e65ef79a45115a25d16b32b0173a0d",
    "https://esm.sh/v135/qs@6.13.0/deno/qs.mjs": "cf850448ab7a4f820db88f6ca54794d58281bf0f7a18bb0da82909c06dbd18d8",
    "https://esm.sh/v135/set-function-length@1.2.1/deno/set-function-length.mjs": "eccddcd4de55fc251f429bd9581d61f89bfbca77a1c00040af91bdec53e867e4",
    "https://esm.sh/v135/side-channel@1.0.6/deno/side-channel.mjs": "af7f2ac6ac8ad07834a3a355c68557c6c83269111698f2366a1b4211309a2237",
    "https://esm.sh/v135/stripe@17.2.0/X-ZHN2LzAuMTMyLjA/deno/stripe.mjs": "aeec559d2cd36fa4ed140f9aa3c22013ea1321dd7fe2197b037dbd247496bd40"
  }
}
